
Microsoft Visual Studio Solution File, Format Version 12.00
Project("{2150E333-8FDC-42A3-9474-1A3956D46DE8}") = "Microservices", "Microservices", "{AA0036BC-7307-4957-B5B6-17BC12D5F884}"
EndProject
Project("{2150E333-8FDC-42A3-9474-1A3956D46DE8}") = "Domain", "Domain", "{56C796E8-39F4-4266-945E-5550FA18A2A8}"
EndProject
Project("{2150E333-8FDC-42A3-9474-1A3956D46DE8}") = "Infra.Bus", "Infra.Bus", "{33944A2C-A220-43CA-BB4B-8D42F39FB1C4}"
EndProject
Project("{2150E333-8FDC-42A3-9474-1A3956D46DE8}") = "Infra.IoC", "Infra.IoC", "{41904CA8-B28B-441B-8663-1AC89BB1CFAE}"
EndProject
Project("{2150E333-8FDC-42A3-9474-1A3956D46DE8}") = "Presentation", "Presentation", "{04EDA4D9-1620-4A74-A316-BB25DAB55F29}"
EndProject
Project("{FAE04EC0-301F-11D3-BF4B-00C04F79EFBC}") = "MicroRabbit.Domain.Core", "MicroRabbit.Domain.Core\MicroRabbit.Domain.Core.csproj", "{3985355E-DC13-409C-A659-5A298C6B32B7}"
EndProject
Project("{FAE04EC0-301F-11D3-BF4B-00C04F79EFBC}") = "MicroRabbit.Infra.Bus", "MicroRabbit.Infra.Bus\MicroRabbit.Infra.Bus.csproj", "{BAC9972A-A476-4CB6-8A4B-D26A61904171}"
EndProject
Project("{FAE04EC0-301F-11D3-BF4B-00C04F79EFBC}") = "MicroRabbit.Infra.IoC", "MicroRabbit.Infra.IoC\MicroRabbit.Infra.IoC.csproj", "{709638B9-B0EE-41E8-823C-FE80D98B38E2}"
EndProject
Project("{2150E333-8FDC-42A3-9474-1A3956D46DE8}") = "Banking", "Banking", "{3E714223-F519-40AE-B263-E99FCDC892F4}"
EndProject
Project("{2150E333-8FDC-42A3-9474-1A3956D46DE8}") = "Api", "Api", "{D1E00043-299E-423A-B924-E7959C899520}"
EndProject
Project("{2150E333-8FDC-42A3-9474-1A3956D46DE8}") = "Domain", "Domain", "{1C044E52-50BF-46EF-8F8C-E985994C2BA2}"
EndProject
Project("{2150E333-8FDC-42A3-9474-1A3956D46DE8}") = "Application", "Application", "{B6DE8E1F-8667-435D-B440-902BB64E0442}"
EndProject
Project("{2150E333-8FDC-42A3-9474-1A3956D46DE8}") = "Data", "Data", "{7BA56ADA-50C3-4B05-B09A-5D4269CFD5DF}"
EndProject
Project("{FAE04EC0-301F-11D3-BF4B-00C04F79EFBC}") = "MicroRabbit.Banking.Api", "MicroRabbit.Banking.Api\MicroRabbit.Banking.Api.csproj", "{69179D1D-043F-49FC-A013-67AB436A9952}"
EndProject
Project("{FAE04EC0-301F-11D3-BF4B-00C04F79EFBC}") = "MicroRabbit.Banking.Application", "MicroRabbit.Banking.Application\MicroRabbit.Banking.Application.csproj", "{DA934C82-95AA-4F5C-A8E5-E3A58E07316B}"
EndProject
Project("{FAE04EC0-301F-11D3-BF4B-00C04F79EFBC}") = "MicroRabbit.Banking.Data", "MicroRabbit.Banking.Data\MicroRabbit.Banking.Data.csproj", "{411816DA-0E28-4CD9-AD4D-E319F612F899}"
EndProject
Project("{FAE04EC0-301F-11D3-BF4B-00C04F79EFBC}") = "MicroRabbint.Banking.Domain", "MicroRabbint.Banking.Domain\MicroRabbint.Banking.Domain.csproj", "{1C9AB15B-5857-4F01-8B3D-0133DF8E18FB}"
EndProject
Project("{2150E333-8FDC-42A3-9474-1A3956D46DE8}") = "Transfer", "Transfer", "{A431CF2C-D20D-4B24-BF45-FF4F1B8268D6}"
EndProject
Project("{2150E333-8FDC-42A3-9474-1A3956D46DE8}") = "Api", "Api", "{C5A970B5-3ED4-4E19-8B45-70BE8ADC0467}"
EndProject
Project("{2150E333-8FDC-42A3-9474-1A3956D46DE8}") = "Application", "Application", "{76DCA481-3E46-4AC6-BD85-8195E91515C9}"
EndProject
Project("{2150E333-8FDC-42A3-9474-1A3956D46DE8}") = "Data", "Data", "{1C3F4685-B281-47C3-875F-59DBF211ABEB}"
EndProject
Project("{2150E333-8FDC-42A3-9474-1A3956D46DE8}") = "Domain", "Domain", "{9E7A63A9-518F-4D87-8BF8-28999811C850}"
EndProject
Project("{FAE04EC0-301F-11D3-BF4B-00C04F79EFBC}") = "MicroRabbit.Transfer.Api", "MicroRabbit.Transfer.Api\MicroRabbit.Transfer.Api.csproj", "{9FCE2CBA-2992-4FCD-B8B9-38B7D3E86A94}"
EndProject
Project("{FAE04EC0-301F-11D3-BF4B-00C04F79EFBC}") = "MicroRabbit.Transfer.Application", "MicroRabbit.Transfer.Application\MicroRabbit.Transfer.Application.csproj", "{25B9E33C-F993-43C3-9623-FD5E84EE1099}"
EndProject
Project("{FAE04EC0-301F-11D3-BF4B-00C04F79EFBC}") = "MicroRabbit.Transfer.Domain", "MicroRabbit.Transfer.Domain\MicroRabbit.Transfer.Domain.csproj", "{714615DE-D3B8-4293-B2C0-F5EC61E00E4D}"
EndProject
Project("{FAE04EC0-301F-11D3-BF4B-00C04F79EFBC}") = "MicroRabbit.Transfer.Date", "MicroRabbit.Transfer.Date\MicroRabbit.Transfer.Date.csproj", "{2D759272-4388-45F7-B092-771CAB274A15}"
EndProject
Project("{FAE04EC0-301F-11D3-BF4B-00C04F79EFBC}") = "MicroRabbitMVC", "MicroRabbitMVC\MicroRabbitMVC.csproj", "{16B732FD-EE38-4D31-BED3-1AB9CEFC6413}"
EndProject
Global
	GlobalSection(SolutionConfigurationPlatforms) = preSolution
		Debug|Any CPU = Debug|Any CPU
		Release|Any CPU = Release|Any CPU
	EndGlobalSection
	GlobalSection(NestedProjects) = preSolution
		{3985355E-DC13-409C-A659-5A298C6B32B7} = {56C796E8-39F4-4266-945E-5550FA18A2A8}
		{BAC9972A-A476-4CB6-8A4B-D26A61904171} = {33944A2C-A220-43CA-BB4B-8D42F39FB1C4}
		{709638B9-B0EE-41E8-823C-FE80D98B38E2} = {41904CA8-B28B-441B-8663-1AC89BB1CFAE}
		{3E714223-F519-40AE-B263-E99FCDC892F4} = {AA0036BC-7307-4957-B5B6-17BC12D5F884}
		{D1E00043-299E-423A-B924-E7959C899520} = {3E714223-F519-40AE-B263-E99FCDC892F4}
		{1C044E52-50BF-46EF-8F8C-E985994C2BA2} = {3E714223-F519-40AE-B263-E99FCDC892F4}
		{B6DE8E1F-8667-435D-B440-902BB64E0442} = {3E714223-F519-40AE-B263-E99FCDC892F4}
		{7BA56ADA-50C3-4B05-B09A-5D4269CFD5DF} = {3E714223-F519-40AE-B263-E99FCDC892F4}
		{69179D1D-043F-49FC-A013-67AB436A9952} = {D1E00043-299E-423A-B924-E7959C899520}
		{DA934C82-95AA-4F5C-A8E5-E3A58E07316B} = {B6DE8E1F-8667-435D-B440-902BB64E0442}
		{411816DA-0E28-4CD9-AD4D-E319F612F899} = {7BA56ADA-50C3-4B05-B09A-5D4269CFD5DF}
		{1C9AB15B-5857-4F01-8B3D-0133DF8E18FB} = {1C044E52-50BF-46EF-8F8C-E985994C2BA2}
		{A431CF2C-D20D-4B24-BF45-FF4F1B8268D6} = {AA0036BC-7307-4957-B5B6-17BC12D5F884}
		{C5A970B5-3ED4-4E19-8B45-70BE8ADC0467} = {A431CF2C-D20D-4B24-BF45-FF4F1B8268D6}
		{76DCA481-3E46-4AC6-BD85-8195E91515C9} = {A431CF2C-D20D-4B24-BF45-FF4F1B8268D6}
		{1C3F4685-B281-47C3-875F-59DBF211ABEB} = {A431CF2C-D20D-4B24-BF45-FF4F1B8268D6}
		{9E7A63A9-518F-4D87-8BF8-28999811C850} = {A431CF2C-D20D-4B24-BF45-FF4F1B8268D6}
		{9FCE2CBA-2992-4FCD-B8B9-38B7D3E86A94} = {C5A970B5-3ED4-4E19-8B45-70BE8ADC0467}
		{25B9E33C-F993-43C3-9623-FD5E84EE1099} = {76DCA481-3E46-4AC6-BD85-8195E91515C9}
		{714615DE-D3B8-4293-B2C0-F5EC61E00E4D} = {9E7A63A9-518F-4D87-8BF8-28999811C850}
		{2D759272-4388-45F7-B092-771CAB274A15} = {1C3F4685-B281-47C3-875F-59DBF211ABEB}
		{16B732FD-EE38-4D31-BED3-1AB9CEFC6413} = {04EDA4D9-1620-4A74-A316-BB25DAB55F29}
	EndGlobalSection
	GlobalSection(ProjectConfigurationPlatforms) = postSolution
		{3985355E-DC13-409C-A659-5A298C6B32B7}.Debug|Any CPU.ActiveCfg = Debug|Any CPU
		{3985355E-DC13-409C-A659-5A298C6B32B7}.Debug|Any CPU.Build.0 = Debug|Any CPU
		{3985355E-DC13-409C-A659-5A298C6B32B7}.Release|Any CPU.ActiveCfg = Release|Any CPU
		{3985355E-DC13-409C-A659-5A298C6B32B7}.Release|Any CPU.Build.0 = Release|Any CPU
		{BAC9972A-A476-4CB6-8A4B-D26A61904171}.Debug|Any CPU.ActiveCfg = Debug|Any CPU
		{BAC9972A-A476-4CB6-8A4B-D26A61904171}.Debug|Any CPU.Build.0 = Debug|Any CPU
		{BAC9972A-A476-4CB6-8A4B-D26A61904171}.Release|Any CPU.ActiveCfg = Release|Any CPU
		{BAC9972A-A476-4CB6-8A4B-D26A61904171}.Release|Any CPU.Build.0 = Release|Any CPU
		{709638B9-B0EE-41E8-823C-FE80D98B38E2}.Debug|Any CPU.ActiveCfg = Debug|Any CPU
		{709638B9-B0EE-41E8-823C-FE80D98B38E2}.Debug|Any CPU.Build.0 = Debug|Any CPU
		{709638B9-B0EE-41E8-823C-FE80D98B38E2}.Release|Any CPU.ActiveCfg = Release|Any CPU
		{709638B9-B0EE-41E8-823C-FE80D98B38E2}.Release|Any CPU.Build.0 = Release|Any CPU
		{69179D1D-043F-49FC-A013-67AB436A9952}.Debug|Any CPU.ActiveCfg = Debug|Any CPU
		{69179D1D-043F-49FC-A013-67AB436A9952}.Debug|Any CPU.Build.0 = Debug|Any CPU
		{69179D1D-043F-49FC-A013-67AB436A9952}.Release|Any CPU.ActiveCfg = Release|Any CPU
		{69179D1D-043F-49FC-A013-67AB436A9952}.Release|Any CPU.Build.0 = Release|Any CPU
		{DA934C82-95AA-4F5C-A8E5-E3A58E07316B}.Debug|Any CPU.ActiveCfg = Debug|Any CPU
		{DA934C82-95AA-4F5C-A8E5-E3A58E07316B}.Debug|Any CPU.Build.0 = Debug|Any CPU
		{DA934C82-95AA-4F5C-A8E5-E3A58E07316B}.Release|Any CPU.ActiveCfg = Release|Any CPU
		{DA934C82-95AA-4F5C-A8E5-E3A58E07316B}.Release|Any CPU.Build.0 = Release|Any CPU
		{411816DA-0E28-4CD9-AD4D-E319F612F899}.Debug|Any CPU.ActiveCfg = Debug|Any CPU
		{411816DA-0E28-4CD9-AD4D-E319F612F899}.Debug|Any CPU.Build.0 = Debug|Any CPU
		{411816DA-0E28-4CD9-AD4D-E319F612F899}.Release|Any CPU.ActiveCfg = Release|Any CPU
		{411816DA-0E28-4CD9-AD4D-E319F612F899}.Release|Any CPU.Build.0 = Release|Any CPU
		{1C9AB15B-5857-4F01-8B3D-0133DF8E18FB}.Debug|Any CPU.ActiveCfg = Debug|Any CPU
		{1C9AB15B-5857-4F01-8B3D-0133DF8E18FB}.Debug|Any CPU.Build.0 = Debug|Any CPU
		{1C9AB15B-5857-4F01-8B3D-0133DF8E18FB}.Release|Any CPU.ActiveCfg = Release|Any CPU
		{1C9AB15B-5857-4F01-8B3D-0133DF8E18FB}.Release|Any CPU.Build.0 = Release|Any CPU
		{9FCE2CBA-2992-4FCD-B8B9-38B7D3E86A94}.Debug|Any CPU.ActiveCfg = Debug|Any CPU
		{9FCE2CBA-2992-4FCD-B8B9-38B7D3E86A94}.Debug|Any CPU.Build.0 = Debug|Any CPU
		{9FCE2CBA-2992-4FCD-B8B9-38B7D3E86A94}.Release|Any CPU.ActiveCfg = Release|Any CPU
		{9FCE2CBA-2992-4FCD-B8B9-38B7D3E86A94}.Release|Any CPU.Build.0 = Release|Any CPU
		{25B9E33C-F993-43C3-9623-FD5E84EE1099}.Debug|Any CPU.ActiveCfg = Debug|Any CPU
		{25B9E33C-F993-43C3-9623-FD5E84EE1099}.Debug|Any CPU.Build.0 = Debug|Any CPU
		{25B9E33C-F993-43C3-9623-FD5E84EE1099}.Release|Any CPU.ActiveCfg = Release|Any CPU
		{25B9E33C-F993-43C3-9623-FD5E84EE1099}.Release|Any CPU.Build.0 = Release|Any CPU
		{714615DE-D3B8-4293-B2C0-F5EC61E00E4D}.Debug|Any CPU.ActiveCfg = Debug|Any CPU
		{714615DE-D3B8-4293-B2C0-F5EC61E00E4D}.Debug|Any CPU.Build.0 = Debug|Any CPU
		{714615DE-D3B8-4293-B2C0-F5EC61E00E4D}.Release|Any CPU.ActiveCfg = Release|Any CPU
		{714615DE-D3B8-4293-B2C0-F5EC61E00E4D}.Release|Any CPU.Build.0 = Release|Any CPU
		{2D759272-4388-45F7-B092-771CAB274A15}.Debug|Any CPU.ActiveCfg = Debug|Any CPU
		{2D759272-4388-45F7-B092-771CAB274A15}.Debug|Any CPU.Build.0 = Debug|Any CPU
		{2D759272-4388-45F7-B092-771CAB274A15}.Release|Any CPU.ActiveCfg = Release|Any CPU
		{2D759272-4388-45F7-B092-771CAB274A15}.Release|Any CPU.Build.0 = Release|Any CPU
		{16B732FD-EE38-4D31-BED3-1AB9CEFC6413}.Debug|Any CPU.ActiveCfg = Debug|Any CPU
		{16B732FD-EE38-4D31-BED3-1AB9CEFC6413}.Debug|Any CPU.Build.0 = Debug|Any CPU
		{16B732FD-EE38-4D31-BED3-1AB9CEFC6413}.Release|Any CPU.ActiveCfg = Release|Any CPU
		{16B732FD-EE38-4D31-BED3-1AB9CEFC6413}.Release|Any CPU.Build.0 = Release|Any CPU
	EndGlobalSection
EndGlobal
