
Microsoft Visual Studio Solution File, Format Version 12.00
Project("{2150E333-8FDC-42A3-9474-1A3956D46DE8}") = "Microservices", "Microservices", "{AA0036BC-7307-4957-B5B6-17BC12D5F884}"
EndProject
Project("{2150E333-8FDC-42A3-9474-1A3956D46DE8}") = "Domain", "Domain", "{56C796E8-39F4-4266-945E-5550FA18A2A8}"
EndProject
Project("{2150E333-8FDC-42A3-9474-1A3956D46DE8}") = "Infra.Bus", "Infra.Bus", "{33944A2C-A220-43CA-BB4B-8D42F39FB1C4}"
EndProject
Project("{2150E333-8FDC-42A3-9474-1A3956D46DE8}") = "Infra.IoC", "Infra.IoC", "{41904CA8-B28B-441B-8663-1AC89BB1CFAE}"
EndProject
Project("{2150E333-8FDC-42A3-9474-1A3956D46DE8}") = "Presentation", "Presentation", "{04EDA4D9-1620-4A74-A316-BB25DAB55F29}"
EndProject
Project("{FAE04EC0-301F-11D3-BF4B-00C04F79EFBC}") = "MicroRabbit.Domain.Core", "MicroRabbit.Domain.Core\MicroRabbit.Domain.Core.csproj", "{3985355E-DC13-409C-A659-5A298C6B32B7}"
EndProject
Project("{FAE04EC0-301F-11D3-BF4B-00C04F79EFBC}") = "MicroRabbit.Infra.Bus", "MicroRabbit.Infra.Bus\MicroRabbit.Infra.Bus.csproj", "{BAC9972A-A476-4CB6-8A4B-D26A61904171}"
EndProject
Global
	GlobalSection(SolutionConfigurationPlatforms) = preSolution
		Debug|Any CPU = Debug|Any CPU
		Release|Any CPU = Release|Any CPU
	EndGlobalSection
	GlobalSection(NestedProjects) = preSolution
		{3985355E-DC13-409C-A659-5A298C6B32B7} = {56C796E8-39F4-4266-945E-5550FA18A2A8}
		{BAC9972A-A476-4CB6-8A4B-D26A61904171} = {33944A2C-A220-43CA-BB4B-8D42F39FB1C4}
	EndGlobalSection
	GlobalSection(ProjectConfigurationPlatforms) = postSolution
		{3985355E-DC13-409C-A659-5A298C6B32B7}.Debug|Any CPU.ActiveCfg = Debug|Any CPU
		{3985355E-DC13-409C-A659-5A298C6B32B7}.Debug|Any CPU.Build.0 = Debug|Any CPU
		{3985355E-DC13-409C-A659-5A298C6B32B7}.Release|Any CPU.ActiveCfg = Release|Any CPU
		{3985355E-DC13-409C-A659-5A298C6B32B7}.Release|Any CPU.Build.0 = Release|Any CPU
		{BAC9972A-A476-4CB6-8A4B-D26A61904171}.Debug|Any CPU.ActiveCfg = Debug|Any CPU
		{BAC9972A-A476-4CB6-8A4B-D26A61904171}.Debug|Any CPU.Build.0 = Debug|Any CPU
		{BAC9972A-A476-4CB6-8A4B-D26A61904171}.Release|Any CPU.ActiveCfg = Release|Any CPU
		{BAC9972A-A476-4CB6-8A4B-D26A61904171}.Release|Any CPU.Build.0 = Release|Any CPU
	EndGlobalSection
EndGlobal
